
Microsoft Visual Studio Solution File, Format Version 12.00
# Visual Studio Version 17
VisualStudioVersion = 17.9.34728.123
MinimumVisualStudioVersion = 10.0.40219.1
Project("{FAE04EC0-301F-11D3-BF4B-00C04F79EFBC}") = "PersonalizedGreeting", "PersonalizedGreeting\PersonalizedGreeting.csproj", "{811A7E93-E0B5-41DD-9DDE-67F813132175}"
EndProject
Global
	GlobalSection(SolutionConfigurationPlatforms) = preSolution
		Debug|Any CPU = Debug|Any CPU
		Release|Any CPU = Release|Any CPU
	EndGlobalSection
	GlobalSection(ProjectConfigurationPlatforms) = postSolution
		{811A7E93-E0B5-41DD-9DDE-67F813132175}.Debug|Any CPU.ActiveCfg = Debug|Any CPU
		{811A7E93-E0B5-41DD-9DDE-67F813132175}.Debug|Any CPU.Build.0 = Debug|Any CPU
		{811A7E93-E0B5-41DD-9DDE-67F813132175}.Release|Any CPU.ActiveCfg = Release|Any CPU
		{811A7E93-E0B5-41DD-9DDE-67F813132175}.Release|Any CPU.Build.0 = Release|Any CPU
	EndGlobalSection
	GlobalSection(SolutionProperties) = preSolution
		HideSolutionNode = FALSE
	EndGlobalSection
	GlobalSection(ExtensibilityGlobals) = postSolution
		SolutionGuid = {B6C0FC78-935A-4F29-8117-532E46ED5234}
	EndGlobalSection
EndGlobal
